// !$*UTF8*$!
{
	archiveVersion = 1;
	classes = {
	};
	objectVersion = 46;
	objects = {

/* Begin PBXBuildFile section */
		42E74165EE6FD21A6F048851 /* Pods_FoodTruckTracker.framework in Frameworks */ = {isa = PBXBuildFile; fileRef = 00A4876AFB7A32BC2F48EC3E /* Pods_FoodTruckTracker.framework */; };
		CD1AF01E1CC96DAB00AE3E92 /* FoodTruck.swift in Sources */ = {isa = PBXBuildFile; fileRef = CD1AF01D1CC96DAB00AE3E92 /* FoodTruck.swift */; };
		CD1AF0271CCFBF3C00AE3E92 /* FoodTruckTableViewCell.swift in Sources */ = {isa = PBXBuildFile; fileRef = CD1AF0261CCFBF3C00AE3E92 /* FoodTruckTableViewCell.swift */; };
		CDB85E471CD29D3A0011FC84 /* CheckBoxButton.swift in Sources */ = {isa = PBXBuildFile; fileRef = CDB85E461CD29D3A0011FC84 /* CheckBoxButton.swift */; };
		CDB85E491CD703700011FC84 /* CommentTableViewCell.swift in Sources */ = {isa = PBXBuildFile; fileRef = CDB85E481CD703700011FC84 /* CommentTableViewCell.swift */; };
		CDB85E6B1CD920220011FC84 /* Comment.swift in Sources */ = {isa = PBXBuildFile; fileRef = CDB85E6A1CD920220011FC84 /* Comment.swift */; };
		CDB85E6F1CDA3FD00011FC84 /* Main.storyboard in Resources */ = {isa = PBXBuildFile; fileRef = CDB85E6E1CDA3FD00011FC84 /* Main.storyboard */; };
		CDB85E711CDA8C1F0011FC84 /* Coupon.swift in Sources */ = {isa = PBXBuildFile; fileRef = CDB85E701CDA8C1F0011FC84 /* Coupon.swift */; };
		CDB85E731CDA8D130011FC84 /* VisitedTruck.swift in Sources */ = {isa = PBXBuildFile; fileRef = CDB85E721CDA8D130011FC84 /* VisitedTruck.swift */; };
		E236017B1CCA8C4D00AA8F5D /* FoodTruckAnnotation.swift in Sources */ = {isa = PBXBuildFile; fileRef = E236017A1CCA8C4D00AA8F5D /* FoodTruckAnnotation.swift */; };
		E271935E1CCEAC0900B01A40 /* YelpAPIClient.swift in Sources */ = {isa = PBXBuildFile; fileRef = E271935D1CCEAC0900B01A40 /* YelpAPIClient.swift */; };
		E2A8E9B31CC91C0E009A72B3 /* SignupViewController.swift in Sources */ = {isa = PBXBuildFile; fileRef = E2A8E9B21CC91C0E009A72B3 /* SignupViewController.swift */; };
		E2A8E9B91CC92AA5009A72B3 /* DataService.swift in Sources */ = {isa = PBXBuildFile; fileRef = E2A8E9B81CC92AA5009A72B3 /* DataService.swift */; };
		E2A8E9BD1CC97DD5009A72B3 /* FTProfileViewController.swift in Sources */ = {isa = PBXBuildFile; fileRef = E2A8E9BC1CC97DD5009A72B3 /* FTProfileViewController.swift */; };
		E2AAEFC01CDA6C0A008B64FB /* UserProfileViewController.swift in Sources */ = {isa = PBXBuildFile; fileRef = E2AAEFBF1CDA6C0A008B64FB /* UserProfileViewController.swift */; };
		E2AFFE0F1CD813E200F5C2B5 /* CouponViewController.swift in Sources */ = {isa = PBXBuildFile; fileRef = E2AFFE0E1CD813E200F5C2B5 /* CouponViewController.swift */; };
		E2C5BAD51CC8035400871750 /* LoginViewController.swift in Sources */ = {isa = PBXBuildFile; fileRef = E2C5BAD41CC8035400871750 /* LoginViewController.swift */; };
		E2D0109C1CC7CF4C00E61AAC /* Fabric.framework in Frameworks */ = {isa = PBXBuildFile; fileRef = E2D010981CC7CF4C00E61AAC /* Fabric.framework */; };
		E2D0109D1CC7CF4C00E61AAC /* TwitterKit.framework in Frameworks */ = {isa = PBXBuildFile; fileRef = E2D010991CC7CF4C00E61AAC /* TwitterKit.framework */; };
		E2D0109E1CC7CF4C00E61AAC /* TwitterKitResources.bundle in Resources */ = {isa = PBXBuildFile; fileRef = E2D0109A1CC7CF4C00E61AAC /* TwitterKitResources.bundle */; };
		E2D0109F1CC7CF4C00E61AAC /* TwitterCore.framework in Frameworks */ = {isa = PBXBuildFile; fileRef = E2D0109B1CC7CF4C00E61AAC /* TwitterCore.framework */; };
		E2DE72261CD295AA009583C5 /* QRScannerViewController.swift in Sources */ = {isa = PBXBuildFile; fileRef = E2DE72251CD295AA009583C5 /* QRScannerViewController.swift */; };
		E2FE44831CC67876005748E9 /* AppDelegate.swift in Sources */ = {isa = PBXBuildFile; fileRef = E2FE44821CC67876005748E9 /* AppDelegate.swift */; };
		E2FE44851CC67876005748E9 /* MapViewController.swift in Sources */ = {isa = PBXBuildFile; fileRef = E2FE44841CC67876005748E9 /* MapViewController.swift */; };
		E2FE448B1CC67876005748E9 /* FoodTruckTracker.xcdatamodeld in Sources */ = {isa = PBXBuildFile; fileRef = E2FE44891CC67876005748E9 /* FoodTruckTracker.xcdatamodeld */; };
		E2FE448D1CC67876005748E9 /* Assets.xcassets in Resources */ = {isa = PBXBuildFile; fileRef = E2FE448C1CC67876005748E9 /* Assets.xcassets */; };
		E2FE44901CC67876005748E9 /* LaunchScreen.storyboard in Resources */ = {isa = PBXBuildFile; fileRef = E2FE448E1CC67876005748E9 /* LaunchScreen.storyboard */; };
		E2FE44981CC67A11005748E9 /* ListViewController.swift in Sources */ = {isa = PBXBuildFile; fileRef = E2FE44971CC67A11005748E9 /* ListViewController.swift */; };
		E2FE449A1CC67CBC005748E9 /* MapKit.framework in Frameworks */ = {isa = PBXBuildFile; fileRef = E2FE44991CC67CBC005748E9 /* MapKit.framework */; };
		E2FE449C1CC67CE8005748E9 /* CoreLocation.framework in Frameworks */ = {isa = PBXBuildFile; fileRef = E2FE449B1CC67CE8005748E9 /* CoreLocation.framework */; };
/* End PBXBuildFile section */

/* Begin PBXFileReference section */
		00A4876AFB7A32BC2F48EC3E /* Pods_FoodTruckTracker.framework */ = {isa = PBXFileReference; explicitFileType = wrapper.framework; includeInIndex = 0; path = Pods_FoodTruckTracker.framework; sourceTree = BUILT_PRODUCTS_DIR; };
		7923C7EA4D0FA741FE580C73 /* Pods-FoodTruckTracker.debug.xcconfig */ = {isa = PBXFileReference; includeInIndex = 1; lastKnownFileType = text.xcconfig; name = "Pods-FoodTruckTracker.debug.xcconfig"; path = "Pods/Target Support Files/Pods-FoodTruckTracker/Pods-FoodTruckTracker.debug.xcconfig"; sourceTree = "<group>"; };
		CD1AF01D1CC96DAB00AE3E92 /* FoodTruck.swift */ = {isa = PBXFileReference; fileEncoding = 4; lastKnownFileType = sourcecode.swift; path = FoodTruck.swift; sourceTree = "<group>"; };
		CD1AF0261CCFBF3C00AE3E92 /* FoodTruckTableViewCell.swift */ = {isa = PBXFileReference; fileEncoding = 4; lastKnownFileType = sourcecode.swift; path = FoodTruckTableViewCell.swift; sourceTree = "<group>"; };
		CDB85E461CD29D3A0011FC84 /* CheckBoxButton.swift */ = {isa = PBXFileReference; fileEncoding = 4; lastKnownFileType = sourcecode.swift; path = CheckBoxButton.swift; sourceTree = "<group>"; };
		CDB85E481CD703700011FC84 /* CommentTableViewCell.swift */ = {isa = PBXFileReference; fileEncoding = 4; lastKnownFileType = sourcecode.swift; path = CommentTableViewCell.swift; sourceTree = "<group>"; };
		CDB85E6A1CD920220011FC84 /* Comment.swift */ = {isa = PBXFileReference; fileEncoding = 4; lastKnownFileType = sourcecode.swift; path = Comment.swift; sourceTree = "<group>"; };
		CDB85E6E1CDA3FD00011FC84 /* Main.storyboard */ = {isa = PBXFileReference; fileEncoding = 4; lastKnownFileType = file.storyboard; name = Main.storyboard; path = Base.lproj/Main.storyboard; sourceTree = "<group>"; };
		CDB85E701CDA8C1F0011FC84 /* Coupon.swift */ = {isa = PBXFileReference; fileEncoding = 4; lastKnownFileType = sourcecode.swift; path = Coupon.swift; sourceTree = "<group>"; };
		CDB85E721CDA8D130011FC84 /* VisitedTruck.swift */ = {isa = PBXFileReference; fileEncoding = 4; lastKnownFileType = sourcecode.swift; path = VisitedTruck.swift; sourceTree = "<group>"; };
		D5C5E2DF1BDA446EC9231C7C /* Pods-FoodTruckTracker.release.xcconfig */ = {isa = PBXFileReference; includeInIndex = 1; lastKnownFileType = text.xcconfig; name = "Pods-FoodTruckTracker.release.xcconfig"; path = "Pods/Target Support Files/Pods-FoodTruckTracker/Pods-FoodTruckTracker.release.xcconfig"; sourceTree = "<group>"; };
		E236017A1CCA8C4D00AA8F5D /* FoodTruckAnnotation.swift */ = {isa = PBXFileReference; fileEncoding = 4; lastKnownFileType = sourcecode.swift; path = FoodTruckAnnotation.swift; sourceTree = "<group>"; };
		E271935D1CCEAC0900B01A40 /* YelpAPIClient.swift */ = {isa = PBXFileReference; fileEncoding = 4; lastKnownFileType = sourcecode.swift; path = YelpAPIClient.swift; sourceTree = "<group>"; };
		E2A8E9B21CC91C0E009A72B3 /* SignupViewController.swift */ = {isa = PBXFileReference; fileEncoding = 4; lastKnownFileType = sourcecode.swift; path = SignupViewController.swift; sourceTree = "<group>"; };
		E2A8E9B81CC92AA5009A72B3 /* DataService.swift */ = {isa = PBXFileReference; fileEncoding = 4; lastKnownFileType = sourcecode.swift; path = DataService.swift; sourceTree = "<group>"; };
		E2A8E9BC1CC97DD5009A72B3 /* FTProfileViewController.swift */ = {isa = PBXFileReference; fileEncoding = 4; lastKnownFileType = sourcecode.swift; path = FTProfileViewController.swift; sourceTree = "<group>"; };
		E2AAEFBF1CDA6C0A008B64FB /* UserProfileViewController.swift */ = {isa = PBXFileReference; fileEncoding = 4; lastKnownFileType = sourcecode.swift; path = UserProfileViewController.swift; sourceTree = "<group>"; };
		E2AFFE0E1CD813E200F5C2B5 /* CouponViewController.swift */ = {isa = PBXFileReference; fileEncoding = 4; lastKnownFileType = sourcecode.swift; path = CouponViewController.swift; sourceTree = "<group>"; };
		E2C5BAD41CC8035400871750 /* LoginViewController.swift */ = {isa = PBXFileReference; fileEncoding = 4; lastKnownFileType = sourcecode.swift; path = LoginViewController.swift; sourceTree = "<group>"; };
		E2D010981CC7CF4C00E61AAC /* Fabric.framework */ = {isa = PBXFileReference; lastKnownFileType = wrapper.framework; path = Fabric.framework; sourceTree = "<group>"; };
		E2D010991CC7CF4C00E61AAC /* TwitterKit.framework */ = {isa = PBXFileReference; lastKnownFileType = wrapper.framework; path = TwitterKit.framework; sourceTree = "<group>"; };
		E2D0109A1CC7CF4C00E61AAC /* TwitterKitResources.bundle */ = {isa = PBXFileReference; lastKnownFileType = "wrapper.plug-in"; name = TwitterKitResources.bundle; path = TwitterKit.framework/Versions/A/Resources/TwitterKitResources.bundle; sourceTree = "<group>"; };
		E2D0109B1CC7CF4C00E61AAC /* TwitterCore.framework */ = {isa = PBXFileReference; lastKnownFileType = wrapper.framework; path = TwitterCore.framework; sourceTree = "<group>"; };
		E2DE72251CD295AA009583C5 /* QRScannerViewController.swift */ = {isa = PBXFileReference; fileEncoding = 4; lastKnownFileType = sourcecode.swift; path = QRScannerViewController.swift; sourceTree = "<group>"; };
		E2FE447F1CC67876005748E9 /* FoodTruckTracker.app */ = {isa = PBXFileReference; explicitFileType = wrapper.application; includeInIndex = 0; path = FoodTruckTracker.app; sourceTree = BUILT_PRODUCTS_DIR; };
		E2FE44821CC67876005748E9 /* AppDelegate.swift */ = {isa = PBXFileReference; lastKnownFileType = sourcecode.swift; path = AppDelegate.swift; sourceTree = "<group>"; };
		E2FE44841CC67876005748E9 /* MapViewController.swift */ = {isa = PBXFileReference; lastKnownFileType = sourcecode.swift; path = MapViewController.swift; sourceTree = "<group>"; };
		E2FE448A1CC67876005748E9 /* FoodTruckTracker.xcdatamodel */ = {isa = PBXFileReference; lastKnownFileType = wrapper.xcdatamodel; path = FoodTruckTracker.xcdatamodel; sourceTree = "<group>"; };
		E2FE448C1CC67876005748E9 /* Assets.xcassets */ = {isa = PBXFileReference; lastKnownFileType = folder.assetcatalog; path = Assets.xcassets; sourceTree = "<group>"; };
		E2FE448F1CC67876005748E9 /* Base */ = {isa = PBXFileReference; lastKnownFileType = file.storyboard; name = Base; path = Base.lproj/LaunchScreen.storyboard; sourceTree = "<group>"; };
		E2FE44911CC67876005748E9 /* Info.plist */ = {isa = PBXFileReference; lastKnownFileType = text.plist.xml; path = Info.plist; sourceTree = "<group>"; };
		E2FE44971CC67A11005748E9 /* ListViewController.swift */ = {isa = PBXFileReference; fileEncoding = 4; lastKnownFileType = sourcecode.swift; path = ListViewController.swift; sourceTree = "<group>"; };
		E2FE44991CC67CBC005748E9 /* MapKit.framework */ = {isa = PBXFileReference; lastKnownFileType = wrapper.framework; name = MapKit.framework; path = System/Library/Frameworks/MapKit.framework; sourceTree = SDKROOT; };
		E2FE449B1CC67CE8005748E9 /* CoreLocation.framework */ = {isa = PBXFileReference; lastKnownFileType = wrapper.framework; name = CoreLocation.framework; path = System/Library/Frameworks/CoreLocation.framework; sourceTree = SDKROOT; };
/* End PBXFileReference section */

/* Begin PBXFrameworksBuildPhase section */
		E2FE447C1CC67876005748E9 /* Frameworks */ = {
			isa = PBXFrameworksBuildPhase;
			buildActionMask = 2147483647;
			files = (
				E2D0109F1CC7CF4C00E61AAC /* TwitterCore.framework in Frameworks */,
				E2FE449C1CC67CE8005748E9 /* CoreLocation.framework in Frameworks */,
				E2FE449A1CC67CBC005748E9 /* MapKit.framework in Frameworks */,
				E2D0109C1CC7CF4C00E61AAC /* Fabric.framework in Frameworks */,
				E2D0109D1CC7CF4C00E61AAC /* TwitterKit.framework in Frameworks */,
				42E74165EE6FD21A6F048851 /* Pods_FoodTruckTracker.framework in Frameworks */,
			);
			runOnlyForDeploymentPostprocessing = 0;
		};
/* End PBXFrameworksBuildPhase section */

/* Begin PBXGroup section */
		83255100030372554B6D34B9 /* Frameworks */ = {
			isa = PBXGroup;
			children = (
				00A4876AFB7A32BC2F48EC3E /* Pods_FoodTruckTracker.framework */,
			);
			name = Frameworks;
			sourceTree = "<group>";
		};
		C41D4CBC994231E1D1693DD8 /* Pods */ = {
			isa = PBXGroup;
			children = (
				7923C7EA4D0FA741FE580C73 /* Pods-FoodTruckTracker.debug.xcconfig */,
				D5C5E2DF1BDA446EC9231C7C /* Pods-FoodTruckTracker.release.xcconfig */,
			);
			name = Pods;
			sourceTree = "<group>";
		};
		E2FE44761CC67876005748E9 = {
			isa = PBXGroup;
			children = (
				E2D010981CC7CF4C00E61AAC /* Fabric.framework */,
				E2D010991CC7CF4C00E61AAC /* TwitterKit.framework */,
				E2D0109A1CC7CF4C00E61AAC /* TwitterKitResources.bundle */,
				E2D0109B1CC7CF4C00E61AAC /* TwitterCore.framework */,
				E2FE449B1CC67CE8005748E9 /* CoreLocation.framework */,
				E2FE44991CC67CBC005748E9 /* MapKit.framework */,
				E2FE44811CC67876005748E9 /* FoodTruckTracker */,
				E2FE44801CC67876005748E9 /* Products */,
				C41D4CBC994231E1D1693DD8 /* Pods */,
				83255100030372554B6D34B9 /* Frameworks */,
			);
			sourceTree = "<group>";
		};
		E2FE44801CC67876005748E9 /* Products */ = {
			isa = PBXGroup;
			children = (
				E2FE447F1CC67876005748E9 /* FoodTruckTracker.app */,
			);
			name = Products;
			sourceTree = "<group>";
		};
		E2FE44811CC67876005748E9 /* FoodTruckTracker */ = {
			isa = PBXGroup;
			children = (
				E271935D1CCEAC0900B01A40 /* YelpAPIClient.swift */,
				E2FE44821CC67876005748E9 /* AppDelegate.swift */,
				E2FE44841CC67876005748E9 /* MapViewController.swift */,
				E236017A1CCA8C4D00AA8F5D /* FoodTruckAnnotation.swift */,
				CD1AF01D1CC96DAB00AE3E92 /* FoodTruck.swift */,
				E2FE44971CC67A11005748E9 /* ListViewController.swift */,
				CDB85E481CD703700011FC84 /* CommentTableViewCell.swift */,
				E2FE448C1CC67876005748E9 /* Assets.xcassets */,
				E2AFFE0E1CD813E200F5C2B5 /* CouponViewController.swift */,
				CDB85E461CD29D3A0011FC84 /* CheckBoxButton.swift */,
				E2A8E9BC1CC97DD5009A72B3 /* FTProfileViewController.swift */,
				CDB85E701CDA8C1F0011FC84 /* Coupon.swift */,
				CDB85E721CDA8D130011FC84 /* VisitedTruck.swift */,
				CDB85E6E1CDA3FD00011FC84 /* Main.storyboard */,
				E2AAEFBF1CDA6C0A008B64FB /* UserProfileViewController.swift */,
				CDB85E6A1CD920220011FC84 /* Comment.swift */,
				CD1AF0261CCFBF3C00AE3E92 /* FoodTruckTableViewCell.swift */,
				E2A8E9B21CC91C0E009A72B3 /* SignupViewController.swift */,
				E2C5BAD41CC8035400871750 /* LoginViewController.swift */,
				E2DE72251CD295AA009583C5 /* QRScannerViewController.swift */,
				E2FE448E1CC67876005748E9 /* LaunchScreen.storyboard */,
				E2FE44911CC67876005748E9 /* Info.plist */,
				E2FE44891CC67876005748E9 /* FoodTruckTracker.xcdatamodeld */,
				E2A8E9B81CC92AA5009A72B3 /* DataService.swift */,
			);
			path = FoodTruckTracker;
			sourceTree = "<group>";
		};
/* End PBXGroup section */

/* Begin PBXNativeTarget section */
		E2FE447E1CC67876005748E9 /* FoodTruckTracker */ = {
			isa = PBXNativeTarget;
			buildConfigurationList = E2FE44941CC67876005748E9 /* Build configuration list for PBXNativeTarget "FoodTruckTracker" */;
			buildPhases = (
				E2FE447B1CC67876005748E9 /* Sources */,
				E2FE447C1CC67876005748E9 /* Frameworks */,
				E2FE447D1CC67876005748E9 /* Resources */,
				71D041C746EFB8C31E66020F /* Embed Pods Frameworks */,
			);
			buildRules = (
			);
			dependencies = (
			);
			name = FoodTruckTracker;
			productName = FoodTruckTracker;
			productReference = E2FE447F1CC67876005748E9 /* FoodTruckTracker.app */;
			productType = "com.apple.product-type.application";
		};
/* End PBXNativeTarget section */

/* Begin PBXProject section */
		E2FE44771CC67876005748E9 /* Project object */ = {
			isa = PBXProject;
			attributes = {
				LastSwiftUpdateCheck = 0730;
				LastUpgradeCheck = 0730;
				ORGANIZATIONNAME = "Dan Park";
				TargetAttributes = {
					E2FE447E1CC67876005748E9 = {
						CreatedOnToolsVersion = 7.3;
						DevelopmentTeam = 88A2PPWC48;
					};
				};
			};
			buildConfigurationList = E2FE447A1CC67876005748E9 /* Build configuration list for PBXProject "FoodTruckTracker" */;
			compatibilityVersion = "Xcode 3.2";
			developmentRegion = English;
			hasScannedForEncodings = 0;
			knownRegions = (
				en,
				Base,
			);
			mainGroup = E2FE44761CC67876005748E9;
			productRefGroup = E2FE44801CC67876005748E9 /* Products */;
			projectDirPath = "";
			projectRoot = "";
			targets = (
				E2FE447E1CC67876005748E9 /* FoodTruckTracker */,
			);
		};
/* End PBXProject section */

/* Begin PBXResourcesBuildPhase section */
		E2FE447D1CC67876005748E9 /* Resources */ = {
			isa = PBXResourcesBuildPhase;
			buildActionMask = 2147483647;
			files = (
				E2D0109E1CC7CF4C00E61AAC /* TwitterKitResources.bundle in Resources */,
				E2FE44901CC67876005748E9 /* LaunchScreen.storyboard in Resources */,
				E2FE448D1CC67876005748E9 /* Assets.xcassets in Resources */,
				CDB85E6F1CDA3FD00011FC84 /* Main.storyboard in Resources */,
			);
			runOnlyForDeploymentPostprocessing = 0;
		};
/* End PBXResourcesBuildPhase section */

/* Begin PBXShellScriptBuildPhase section */
		71D041C746EFB8C31E66020F /* Embed Pods Frameworks */ = {
			isa = PBXShellScriptBuildPhase;
			buildActionMask = 2147483647;
			files = (
			);
			inputPaths = (
			);
			name = "Embed Pods Frameworks";
			outputPaths = (
			);
			runOnlyForDeploymentPostprocessing = 0;
			shellPath = /bin/sh;
			shellScript = "\"${SRCROOT}/Pods/Target Support Files/Pods-FoodTruckTracker/Pods-FoodTruckTracker-frameworks.sh\"\n";
			showEnvVarsInLog = 0;
		};
/* End PBXShellScriptBuildPhase section */

/* Begin PBXSourcesBuildPhase section */
		E2FE447B1CC67876005748E9 /* Sources */ = {
			isa = PBXSourcesBuildPhase;
			buildActionMask = 2147483647;
			files = (
				E236017B1CCA8C4D00AA8F5D /* FoodTruckAnnotation.swift in Sources */,
				CDB85E711CDA8C1F0011FC84 /* Coupon.swift in Sources */,
				E2A8E9B91CC92AA5009A72B3 /* DataService.swift in Sources */,
				E271935E1CCEAC0900B01A40 /* YelpAPIClient.swift in Sources */,
				E2A8E9B31CC91C0E009A72B3 /* SignupViewController.swift in Sources */,
				CDB85E471CD29D3A0011FC84 /* CheckBoxButton.swift in Sources */,
				CDB85E6B1CD920220011FC84 /* Comment.swift in Sources */,
				E2A8E9BD1CC97DD5009A72B3 /* FTProfileViewController.swift in Sources */,
				E2AAEFC01CDA6C0A008B64FB /* UserProfileViewController.swift in Sources */,
				E2FE44851CC67876005748E9 /* MapViewController.swift in Sources */,
				CDB85E491CD703700011FC84 /* CommentTableViewCell.swift in Sources */,
				E2AFFE0F1CD813E200F5C2B5 /* CouponViewController.swift in Sources */,
				E2DE72261CD295AA009583C5 /* QRScannerViewController.swift in Sources */,
				CD1AF01E1CC96DAB00AE3E92 /* FoodTruck.swift in Sources */,
				CDB85E731CDA8D130011FC84 /* VisitedTruck.swift in Sources */,
				E2FE448B1CC67876005748E9 /* FoodTruckTracker.xcdatamodeld in Sources */,
				E2FE44981CC67A11005748E9 /* ListViewController.swift in Sources */,
				E2C5BAD51CC8035400871750 /* LoginViewController.swift in Sources */,
				E2FE44831CC67876005748E9 /* AppDelegate.swift in Sources */,
				CD1AF0271CCFBF3C00AE3E92 /* FoodTruckTableViewCell.swift in Sources */,
			);
			runOnlyForDeploymentPostprocessing = 0;
		};
/* End PBXSourcesBuildPhase section */

/* Begin PBXVariantGroup section */
		E2FE448E1CC67876005748E9 /* LaunchScreen.storyboard */ = {
			isa = PBXVariantGroup;
			children = (
				E2FE448F1CC67876005748E9 /* Base */,
			);
			name = LaunchScreen.storyboard;
			sourceTree = "<group>";
		};
/* End PBXVariantGroup section */

/* Begin XCBuildConfiguration section */
		E2FE44921CC67876005748E9 /* Debug */ = {
			isa = XCBuildConfiguration;
			buildSettings = {
				ALWAYS_SEARCH_USER_PATHS = NO;
				CLANG_ANALYZER_NONNULL = YES;
				CLANG_CXX_LANGUAGE_STANDARD = "gnu++0x";
				CLANG_CXX_LIBRARY = "libc++";
				CLANG_ENABLE_MODULES = YES;
				CLANG_ENABLE_OBJC_ARC = YES;
				CLANG_WARN_BOOL_CONVERSION = YES;
				CLANG_WARN_CONSTANT_CONVERSION = YES;
				CLANG_WARN_DIRECT_OBJC_ISA_USAGE = YES_ERROR;
				CLANG_WARN_EMPTY_BODY = YES;
				CLANG_WARN_ENUM_CONVERSION = YES;
				CLANG_WARN_INT_CONVERSION = YES;
				CLANG_WARN_OBJC_ROOT_CLASS = YES_ERROR;
				CLANG_WARN_UNREACHABLE_CODE = YES;
				CLANG_WARN__DUPLICATE_METHOD_MATCH = YES;
				"CODE_SIGN_IDENTITY[sdk=iphoneos*]" = "iPhone Developer";
				COPY_PHASE_STRIP = NO;
				DEBUG_INFORMATION_FORMAT = dwarf;
				ENABLE_STRICT_OBJC_MSGSEND = YES;
				ENABLE_TESTABILITY = YES;
				GCC_C_LANGUAGE_STANDARD = gnu99;
				GCC_DYNAMIC_NO_PIC = NO;
				GCC_NO_COMMON_BLOCKS = YES;
				GCC_OPTIMIZATION_LEVEL = 0;
				GCC_PREPROCESSOR_DEFINITIONS = (
					"DEBUG=1",
					"$(inherited)",
				);
				GCC_WARN_64_TO_32_BIT_CONVERSION = YES;
				GCC_WARN_ABOUT_RETURN_TYPE = YES_ERROR;
				GCC_WARN_UNDECLARED_SELECTOR = YES;
				GCC_WARN_UNINITIALIZED_AUTOS = YES_AGGRESSIVE;
				GCC_WARN_UNUSED_FUNCTION = YES;
				GCC_WARN_UNUSED_VARIABLE = YES;
				IPHONEOS_DEPLOYMENT_TARGET = 9.3;
				MTL_ENABLE_DEBUG_INFO = YES;
				ONLY_ACTIVE_ARCH = YES;
				SDKROOT = iphoneos;
				SWIFT_OPTIMIZATION_LEVEL = "-Onone";
			};
			name = Debug;
		};
		E2FE44931CC67876005748E9 /* Release */ = {
			isa = XCBuildConfiguration;
			buildSettings = {
				ALWAYS_SEARCH_USER_PATHS = NO;
				CLANG_ANALYZER_NONNULL = YES;
				CLANG_CXX_LANGUAGE_STANDARD = "gnu++0x";
				CLANG_CXX_LIBRARY = "libc++";
				CLANG_ENABLE_MODULES = YES;
				CLANG_ENABLE_OBJC_ARC = YES;
				CLANG_WARN_BOOL_CONVERSION = YES;
				CLANG_WARN_CONSTANT_CONVERSION = YES;
				CLANG_WARN_DIRECT_OBJC_ISA_USAGE = YES_ERROR;
				CLANG_WARN_EMPTY_BODY = YES;
				CLANG_WARN_ENUM_CONVERSION = YES;
				CLANG_WARN_INT_CONVERSION = YES;
				CLANG_WARN_OBJC_ROOT_CLASS = YES_ERROR;
				CLANG_WARN_UNREACHABLE_CODE = YES;
				CLANG_WARN__DUPLICATE_METHOD_MATCH = YES;
				"CODE_SIGN_IDENTITY[sdk=iphoneos*]" = "iPhone Developer";
				COPY_PHASE_STRIP = NO;
				DEBUG_INFORMATION_FORMAT = "dwarf-with-dsym";
				ENABLE_NS_ASSERTIONS = NO;
				ENABLE_STRICT_OBJC_MSGSEND = YES;
				GCC_C_LANGUAGE_STANDARD = gnu99;
				GCC_NO_COMMON_BLOCKS = YES;
				GCC_WARN_64_TO_32_BIT_CONVERSION = YES;
				GCC_WARN_ABOUT_RETURN_TYPE = YES_ERROR;
				GCC_WARN_UNDECLARED_SELECTOR = YES;
				GCC_WARN_UNINITIALIZED_AUTOS = YES_AGGRESSIVE;
				GCC_WARN_UNUSED_FUNCTION = YES;
				GCC_WARN_UNUSED_VARIABLE = YES;
				IPHONEOS_DEPLOYMENT_TARGET = 9.3;
				MTL_ENABLE_DEBUG_INFO = NO;
				SDKROOT = iphoneos;
				VALIDATE_PRODUCT = YES;
			};
			name = Release;
		};
		E2FE44951CC67876005748E9 /* Debug */ = {
			isa = XCBuildConfiguration;
			baseConfigurationReference = 7923C7EA4D0FA741FE580C73 /* Pods-FoodTruckTracker.debug.xcconfig */;
			buildSettings = {
				ASSETCATALOG_COMPILER_APPICON_NAME = AppIcon;
				CODE_SIGN_IDENTITY = "iPhone Developer";
				"CODE_SIGN_IDENTITY[sdk=iphoneos*]" = "iPhone Developer";
				FRAMEWORK_SEARCH_PATHS = (
					"$(inherited)",
					"$(PROJECT_DIR)",
				);
				INFOPLIST_FILE = FoodTruckTracker/Info.plist;
				LD_RUNPATH_SEARCH_PATHS = "$(inherited) @executable_path/Frameworks";
				PRODUCT_BUNDLE_IDENTIFIER = dp.FoodTruckTracker;
				PRODUCT_NAME = "$(TARGET_NAME)";
				PROVISIONING_PROFILE = "";
			};
			name = Debug;
		};
		E2FE44961CC67876005748E9 /* Release */ = {
			isa = XCBuildConfiguration;
			baseConfigurationReference = D5C5E2DF1BDA446EC9231C7C /* Pods-FoodTruckTracker.release.xcconfig */;
			buildSettings = {
				ASSETCATALOG_COMPILER_APPICON_NAME = AppIcon;
				CODE_SIGN_IDENTITY = "iPhone Developer";
				"CODE_SIGN_IDENTITY[sdk=iphoneos*]" = "iPhone Developer";
				FRAMEWORK_SEARCH_PATHS = (
					"$(inherited)",
					"$(PROJECT_DIR)",
				);
				INFOPLIST_FILE = FoodTruckTracker/Info.plist;
				LD_RUNPATH_SEARCH_PATHS = "$(inherited) @executable_path/Frameworks";
				PRODUCT_BUNDLE_IDENTIFIER = dp.FoodTruckTracker;
				PRODUCT_NAME = "$(TARGET_NAME)";
				PROVISIONING_PROFILE = "";
			};
			name = Release;
		};
/* End XCBuildConfiguration section */

/* Begin XCConfigurationList section */
		E2FE447A1CC67876005748E9 /* Build configuration list for PBXProject "FoodTruckTracker" */ = {
			isa = XCConfigurationList;
			buildConfigurations = (
				E2FE44921CC67876005748E9 /* Debug */,
				E2FE44931CC67876005748E9 /* Release */,
			);
			defaultConfigurationIsVisible = 0;
			defaultConfigurationName = Release;
		};
		E2FE44941CC67876005748E9 /* Build configuration list for PBXNativeTarget "FoodTruckTracker" */ = {
			isa = XCConfigurationList;
			buildConfigurations = (
				E2FE44951CC67876005748E9 /* Debug */,
				E2FE44961CC67876005748E9 /* Release */,
			);
			defaultConfigurationIsVisible = 0;
			defaultConfigurationName = Release;
		};
/* End XCConfigurationList section */

/* Begin XCVersionGroup section */
		E2FE44891CC67876005748E9 /* FoodTruckTracker.xcdatamodeld */ = {
			isa = XCVersionGroup;
			children = (
				E2FE448A1CC67876005748E9 /* FoodTruckTracker.xcdatamodel */,
			);
			currentVersion = E2FE448A1CC67876005748E9 /* FoodTruckTracker.xcdatamodel */;
			path = FoodTruckTracker.xcdatamodeld;
			sourceTree = "<group>";
			versionGroupType = wrapper.xcdatamodel;
		};
/* End XCVersionGroup section */
	};
	rootObject = E2FE44771CC67876005748E9 /* Project object */;
}
